
Microsoft Visual Studio Solution File, Format Version 12.00
# Visual Studio Version 17
VisualStudioVersion = 17.1.32328.378
MinimumVisualStudioVersion = 10.0.40219.1
Project("{9A19103F-16F7-4668-BE54-9A1E7A4F7556}") = "Alura-Challange-Transacao-Financeira", "scr\MVC\Alura-Challange-Transacao-Financeira.csproj", "{1D224EEF-3A3D-4AAB-BEF7-FEE903D915DC}"
EndProject
Project("{9A19103F-16F7-4668-BE54-9A1E7A4F7556}") = "ProvedorArmazenamentoIDMongo", "scr\ProvedorArmazenamentoIDMongo\ProvedorArmazenamentoIDMongo.csproj", "{03465EC1-E424-4852-B4F8-9C846F02189F}"
EndProject
Global
	GlobalSection(SolutionConfigurationPlatforms) = preSolution
		Debug|Any CPU = Debug|Any CPU
		Release|Any CPU = Release|Any CPU
	EndGlobalSection
	GlobalSection(ProjectConfigurationPlatforms) = postSolution
		{1D224EEF-3A3D-4AAB-BEF7-FEE903D915DC}.Debug|Any CPU.ActiveCfg = Debug|Any CPU
		{1D224EEF-3A3D-4AAB-BEF7-FEE903D915DC}.Debug|Any CPU.Build.0 = Debug|Any CPU
		{1D224EEF-3A3D-4AAB-BEF7-FEE903D915DC}.Release|Any CPU.ActiveCfg = Release|Any CPU
		{1D224EEF-3A3D-4AAB-BEF7-FEE903D915DC}.Release|Any CPU.Build.0 = Release|Any CPU
		{03465EC1-E424-4852-B4F8-9C846F02189F}.Debug|Any CPU.ActiveCfg = Debug|Any CPU
		{03465EC1-E424-4852-B4F8-9C846F02189F}.Debug|Any CPU.Build.0 = Debug|Any CPU
		{03465EC1-E424-4852-B4F8-9C846F02189F}.Release|Any CPU.ActiveCfg = Release|Any CPU
		{03465EC1-E424-4852-B4F8-9C846F02189F}.Release|Any CPU.Build.0 = Release|Any CPU
	EndGlobalSection
	GlobalSection(SolutionProperties) = preSolution
		HideSolutionNode = FALSE
	EndGlobalSection
	GlobalSection(ExtensibilityGlobals) = postSolution
		SolutionGuid = {6A2A8389-8AB3-4143-BFCB-EEA2221B3D26}
	EndGlobalSection
EndGlobal
